// !$*UTF8*$!
{
	archiveVersion = 1;
	classes = {
	};
	objectVersion = 46;
	objects = {

/* Begin PBXBuildFile section */
		117C4C7E1871C23800249EFF /* Settings.m in Sources */ = {isa = PBXBuildFile; fileRef = 117C4C7D1871C23800249EFF /* Settings.m */; };
		117C4CFA1872305B00249EFF /* amazon_logo.png in Resources */ = {isa = PBXBuildFile; fileRef = 117C4CD21872305B00249EFF /* amazon_logo.png */; };
		117C4CFB1872305B00249EFF /* ask_logo.png in Resources */ = {isa = PBXBuildFile; fileRef = 117C4CD31872305B00249EFF /* ask_logo.png */; };
		117C4CFC1872305B00249EFF /* bing_logo.png in Resources */ = {isa = PBXBuildFile; fileRef = 117C4CD41872305B00249EFF /* bing_logo.png */; };
		117C4CFD1872305B00249EFF /* bloomberg_logo.png in Resources */ = {isa = PBXBuildFile; fileRef = 117C4CD51872305B00249EFF /* bloomberg_logo.png */; };
		117C4CFE1872305B00249EFF /* djinni_logo.png in Resources */ = {isa = PBXBuildFile; fileRef = 117C4CD61872305B00249EFF /* djinni_logo.png */; };
		117C4CFF1872305B00249EFF /* dou_logo.png in Resources */ = {isa = PBXBuildFile; fileRef = 117C4CD71872305B00249EFF /* dou_logo.png */; };
		117C4D001872305B00249EFF /* fb_logo.png in Resources */ = {isa = PBXBuildFile; fileRef = 117C4CD81872305B00249EFF /* fb_logo.png */; };
		117C4D011872305B00249EFF /* flickr_logo.png in Resources */ = {isa = PBXBuildFile; fileRef = 117C4CD91872305B00249EFF /* flickr_logo.png */; };
		117C4D021872305B00249EFF /* forbes_logo.png in Resources */ = {isa = PBXBuildFile; fileRef = 117C4CDA1872305B00249EFF /* forbes_logo.png */; };
		117C4D031872305B00249EFF /* gismeteo_logo.png in Resources */ = {isa = PBXBuildFile; fileRef = 117C4CDB1872305B00249EFF /* gismeteo_logo.png */; };
		117C4D041872305B00249EFF /* github_logo.png in Resources */ = {isa = PBXBuildFile; fileRef = 117C4CDC1872305B00249EFF /* github_logo.png */; };
		117C4D051872305B00249EFF /* google_logo.png in Resources */ = {isa = PBXBuildFile; fileRef = 117C4CDD1872305B00249EFF /* google_logo.png */; };
		117C4D061872305B00249EFF /* habra_logo.png in Resources */ = {isa = PBXBuildFile; fileRef = 117C4CDE1872305B00249EFF /* habra_logo.png */; };
		117C4D071872305B00249EFF /* hh_logo.png in Resources */ = {isa = PBXBuildFile; fileRef = 117C4CDF1872305B00249EFF /* hh_logo.png */; };
		117C4D081872305B00249EFF /* indeed_logo.png in Resources */ = {isa = PBXBuildFile; fileRef = 117C4CE01872305B00249EFF /* indeed_logo.png */; };
		117C4D091872305B00249EFF /* instagram_logo.png in Resources */ = {isa = PBXBuildFile; fileRef = 117C4CE11872305B00249EFF /* instagram_logo.png */; };
		117C4D0A1872305B00249EFF /* jooble_logo.png in Resources */ = {isa = PBXBuildFile; fileRef = 117C4CE21872305B00249EFF /* jooble_logo.png */; };
		117C4D0B1872305B00249EFF /* kh_ua_logo.png in Resources */ = {isa = PBXBuildFile; fileRef = 117C4CE31872305B00249EFF /* kh_ua_logo.png */; };
		117C4D0C1872305B00249EFF /* korr_logo.png in Resources */ = {isa = PBXBuildFile; fileRef = 117C4CE41872305B00249EFF /* korr_logo.png */; };
		117C4D0D1872305B00249EFF /* lenta_logo.png in Resources */ = {isa = PBXBuildFile; fileRef = 117C4CE51872305B00249EFF /* lenta_logo.png */; };
		117C4D0E1872305B00249EFF /* linkedin_logo.png in Resources */ = {isa = PBXBuildFile; fileRef = 117C4CE61872305B00249EFF /* linkedin_logo.png */; };
		117C4D0F1872305B00249EFF /* mashable_logo.png in Resources */ = {isa = PBXBuildFile; fileRef = 117C4CE71872305B00249EFF /* mashable_logo.png */; };
		117C4D101872305B00249EFF /* ning_logo.png in Resources */ = {isa = PBXBuildFile; fileRef = 117C4CE81872305B00249EFF /* ning_logo.png */; };
		117C4D111872305B00249EFF /* pinterest_logo.png in Resources */ = {isa = PBXBuildFile; fileRef = 117C4CE91872305B00249EFF /* pinterest_logo.png */; };
		117C4D121872305B00249EFF /* rabota_logo.png in Resources */ = {isa = PBXBuildFile; fileRef = 117C4CEA1872305B00249EFF /* rabota_logo.png */; };
		117C4D131872305B00249EFF /* rabotakhark_logo.png in Resources */ = {isa = PBXBuildFile; fileRef = 117C4CEB1872305B00249EFF /* rabotakhark_logo.png */; };
		117C4D141872305B00249EFF /* rambler_logo.png in Resources */ = {isa = PBXBuildFile; fileRef = 117C4CEC1872305B00249EFF /* rambler_logo.png */; };
		117C4D151872305B00249EFF /* stack_ov_logo.png in Resources */ = {isa = PBXBuildFile; fileRef = 117C4CED1872305B00249EFF /* stack_ov_logo.png */; };
		117C4D161872305B00249EFF /* tumblr_logo.png in Resources */ = {isa = PBXBuildFile; fileRef = 117C4CEE1872305B00249EFF /* tumblr_logo.png */; };
		117C4D171872305B00249EFF /* twitter_logo.png in Resources */ = {isa = PBXBuildFile; fileRef = 117C4CEF1872305B00249EFF /* twitter_logo.png */; };
		117C4D181872305B00249EFF /* vesti_logo.png in Resources */ = {isa = PBXBuildFile; fileRef = 117C4CF01872305B00249EFF /* vesti_logo.png */; };
		117C4D191872305B00249EFF /* vimeo_logo.png in Resources */ = {isa = PBXBuildFile; fileRef = 117C4CF11872305B00249EFF /* vimeo_logo.png */; };
		117C4D1A1872305B00249EFF /* vk_logo.png in Resources */ = {isa = PBXBuildFile; fileRef = 117C4CF21872305B00249EFF /* vk_logo.png */; };
		117C4D1B1872305B00249EFF /* walmart_logo.png in Resources */ = {isa = PBXBuildFile; fileRef = 117C4CF31872305B00249EFF /* walmart_logo.png */; };
		117C4D1C1872305B00249EFF /* washingtonpost_logo.png in Resources */ = {isa = PBXBuildFile; fileRef = 117C4CF41872305B00249EFF /* washingtonpost_logo.png */; };
		117C4D1D1872305B00249EFF /* webs_logo.png in Resources */ = {isa = PBXBuildFile; fileRef = 117C4CF51872305B00249EFF /* webs_logo.png */; };
		117C4D1E1872305B00249EFF /* wikipedia_logo.png in Resources */ = {isa = PBXBuildFile; fileRef = 117C4CF61872305B00249EFF /* wikipedia_logo.png */; };
		117C4D1F1872305B00249EFF /* xing_logo.png in Resources */ = {isa = PBXBuildFile; fileRef = 117C4CF71872305B00249EFF /* xing_logo.png */; };
		117C4D201872305B00249EFF /* yandex_logo.png in Resources */ = {isa = PBXBuildFile; fileRef = 117C4CF81872305B00249EFF /* yandex_logo.png */; };
		117C4D211872305B00249EFF /* youtube_logo.png in Resources */ = {isa = PBXBuildFile; fileRef = 117C4CF91872305B00249EFF /* youtube_logo.png */; };
		1196AA5D1868811C00476CF6 /* Foundation.framework in Frameworks */ = {isa = PBXBuildFile; fileRef = 1196AA5C1868811C00476CF6 /* Foundation.framework */; };
		1196AA5F1868811C00476CF6 /* CoreGraphics.framework in Frameworks */ = {isa = PBXBuildFile; fileRef = 1196AA5E1868811C00476CF6 /* CoreGraphics.framework */; };
		1196AA611868811C00476CF6 /* UIKit.framework in Frameworks */ = {isa = PBXBuildFile; fileRef = 1196AA601868811C00476CF6 /* UIKit.framework */; };
		1196AA671868811C00476CF6 /* InfoPlist.strings in Resources */ = {isa = PBXBuildFile; fileRef = 1196AA651868811C00476CF6 /* InfoPlist.strings */; };
		1196AA691868811C00476CF6 /* main.m in Sources */ = {isa = PBXBuildFile; fileRef = 1196AA681868811C00476CF6 /* main.m */; };
		1196AA6D1868811C00476CF6 /* AppDelegate.m in Sources */ = {isa = PBXBuildFile; fileRef = 1196AA6C1868811C00476CF6 /* AppDelegate.m */; };
		1196AA6F1868811C00476CF6 /* Images.xcassets in Resources */ = {isa = PBXBuildFile; fileRef = 1196AA6E1868811C00476CF6 /* Images.xcassets */; };
		1196AA761868811D00476CF6 /* XCTest.framework in Frameworks */ = {isa = PBXBuildFile; fileRef = 1196AA751868811D00476CF6 /* XCTest.framework */; };
		1196AA771868811D00476CF6 /* Foundation.framework in Frameworks */ = {isa = PBXBuildFile; fileRef = 1196AA5C1868811C00476CF6 /* Foundation.framework */; };
		1196AA781868811D00476CF6 /* UIKit.framework in Frameworks */ = {isa = PBXBuildFile; fileRef = 1196AA601868811C00476CF6 /* UIKit.framework */; };
		1196AA801868811D00476CF6 /* InfoPlist.strings in Resources */ = {isa = PBXBuildFile; fileRef = 1196AA7E1868811D00476CF6 /* InfoPlist.strings */; };
		1196AA821868811D00476CF6 /* SimpleBrowserTests.m in Sources */ = {isa = PBXBuildFile; fileRef = 1196AA811868811D00476CF6 /* SimpleBrowserTests.m */; };
		1196AA8F186881D700476CF6 /* RootViewController.m in Sources */ = {isa = PBXBuildFile; fileRef = 1196AA8E186881D700476CF6 /* RootViewController.m */; };
		1196AA911868894E00476CF6 /* QuartzCore.framework in Frameworks */ = {isa = PBXBuildFile; fileRef = 1196AA901868894E00476CF6 /* QuartzCore.framework */; };
		1196AA971868A1E400476CF6 /* back_btn.png in Resources */ = {isa = PBXBuildFile; fileRef = 1196AA931868A1E400476CF6 /* back_btn.png */; };
		11B918E51869C97F00DF23A7 /* CollectViewCell.m in Sources */ = {isa = PBXBuildFile; fileRef = 11B918E41869C97F00DF23A7 /* CollectViewCell.m */; };
		11B918EA1869CEF300DF23A7 /* CollectViewDataSource.m in Sources */ = {isa = PBXBuildFile; fileRef = 11B918E91869CEF300DF23A7 /* CollectViewDataSource.m */; };
/* End PBXBuildFile section */

/* Begin PBXContainerItemProxy section */
		1196AA791868811D00476CF6 /* PBXContainerItemProxy */ = {
			isa = PBXContainerItemProxy;
			containerPortal = 1196AA511868811C00476CF6 /* Project object */;
			proxyType = 1;
			remoteGlobalIDString = 1196AA581868811C00476CF6;
			remoteInfo = SimpleBrowser;
		};
/* End PBXContainerItemProxy section */

/* Begin PBXFileReference section */
		117C4C7C1871C23800249EFF /* Settings.h */ = {isa = PBXFileReference; fileEncoding = 4; lastKnownFileType = sourcecode.c.h; name = Settings.h; path = SimpleBrowser/DATALayer/Settings/Settings.h; sourceTree = "<group>"; };
		117C4C7D1871C23800249EFF /* Settings.m */ = {isa = PBXFileReference; fileEncoding = 4; lastKnownFileType = sourcecode.c.objc; name = Settings.m; path = SimpleBrowser/DATALayer/Settings/Settings.m; sourceTree = "<group>"; };
		117C4CD21872305B00249EFF /* amazon_logo.png */ = {isa = PBXFileReference; lastKnownFileType = image.png; path = amazon_logo.png; sourceTree = "<group>"; };
		117C4CD31872305B00249EFF /* ask_logo.png */ = {isa = PBXFileReference; lastKnownFileType = image.png; path = ask_logo.png; sourceTree = "<group>"; };
		117C4CD41872305B00249EFF /* bing_logo.png */ = {isa = PBXFileReference; lastKnownFileType = image.png; path = bing_logo.png; sourceTree = "<group>"; };
		117C4CD51872305B00249EFF /* bloomberg_logo.png */ = {isa = PBXFileReference; lastKnownFileType = image.png; path = bloomberg_logo.png; sourceTree = "<group>"; };
		117C4CD61872305B00249EFF /* djinni_logo.png */ = {isa = PBXFileReference; lastKnownFileType = image.png; path = djinni_logo.png; sourceTree = "<group>"; };
		117C4CD71872305B00249EFF /* dou_logo.png */ = {isa = PBXFileReference; lastKnownFileType = image.png; path = dou_logo.png; sourceTree = "<group>"; };
		117C4CD81872305B00249EFF /* fb_logo.png */ = {isa = PBXFileReference; lastKnownFileType = image.png; path = fb_logo.png; sourceTree = "<group>"; };
		117C4CD91872305B00249EFF /* flickr_logo.png */ = {isa = PBXFileReference; lastKnownFileType = image.png; path = flickr_logo.png; sourceTree = "<group>"; };
		117C4CDA1872305B00249EFF /* forbes_logo.png */ = {isa = PBXFileReference; lastKnownFileType = image.png; path = forbes_logo.png; sourceTree = "<group>"; };
		117C4CDB1872305B00249EFF /* gismeteo_logo.png */ = {isa = PBXFileReference; lastKnownFileType = image.png; path = gismeteo_logo.png; sourceTree = "<group>"; };
		117C4CDC1872305B00249EFF /* github_logo.png */ = {isa = PBXFileReference; lastKnownFileType = image.png; path = github_logo.png; sourceTree = "<group>"; };
		117C4CDD1872305B00249EFF /* google_logo.png */ = {isa = PBXFileReference; lastKnownFileType = image.png; path = google_logo.png; sourceTree = "<group>"; };
		117C4CDE1872305B00249EFF /* habra_logo.png */ = {isa = PBXFileReference; lastKnownFileType = image.png; path = habra_logo.png; sourceTree = "<group>"; };
		117C4CDF1872305B00249EFF /* hh_logo.png */ = {isa = PBXFileReference; lastKnownFileType = image.png; path = hh_logo.png; sourceTree = "<group>"; };
		117C4CE01872305B00249EFF /* indeed_logo.png */ = {isa = PBXFileReference; lastKnownFileType = image.png; path = indeed_logo.png; sourceTree = "<group>"; };
		117C4CE11872305B00249EFF /* instagram_logo.png */ = {isa = PBXFileReference; lastKnownFileType = image.png; path = instagram_logo.png; sourceTree = "<group>"; };
		117C4CE21872305B00249EFF /* jooble_logo.png */ = {isa = PBXFileReference; lastKnownFileType = image.png; path = jooble_logo.png; sourceTree = "<group>"; };
		117C4CE31872305B00249EFF /* kh_ua_logo.png */ = {isa = PBXFileReference; lastKnownFileType = image.png; path = kh_ua_logo.png; sourceTree = "<group>"; };
		117C4CE41872305B00249EFF /* korr_logo.png */ = {isa = PBXFileReference; lastKnownFileType = image.png; path = korr_logo.png; sourceTree = "<group>"; };
		117C4CE51872305B00249EFF /* lenta_logo.png */ = {isa = PBXFileReference; lastKnownFileType = image.png; path = lenta_logo.png; sourceTree = "<group>"; };
		117C4CE61872305B00249EFF /* linkedin_logo.png */ = {isa = PBXFileReference; lastKnownFileType = image.png; path = linkedin_logo.png; sourceTree = "<group>"; };
		117C4CE71872305B00249EFF /* mashable_logo.png */ = {isa = PBXFileReference; lastKnownFileType = image.png; path = mashable_logo.png; sourceTree = "<group>"; };
		117C4CE81872305B00249EFF /* ning_logo.png */ = {isa = PBXFileReference; lastKnownFileType = image.png; path = ning_logo.png; sourceTree = "<group>"; };
		117C4CE91872305B00249EFF /* pinterest_logo.png */ = {isa = PBXFileReference; lastKnownFileType = image.png; path = pinterest_logo.png; sourceTree = "<group>"; };
		117C4CEA1872305B00249EFF /* rabota_logo.png */ = {isa = PBXFileReference; lastKnownFileType = image.png; path = rabota_logo.png; sourceTree = "<group>"; };
		117C4CEB1872305B00249EFF /* rabotakhark_logo.png */ = {isa = PBXFileReference; lastKnownFileType = image.png; path = rabotakhark_logo.png; sourceTree = "<group>"; };
		117C4CEC1872305B00249EFF /* rambler_logo.png */ = {isa = PBXFileReference; lastKnownFileType = image.png; path = rambler_logo.png; sourceTree = "<group>"; };
		117C4CED1872305B00249EFF /* stack_ov_logo.png */ = {isa = PBXFileReference; lastKnownFileType = image.png; path = stack_ov_logo.png; sourceTree = "<group>"; };
		117C4CEE1872305B00249EFF /* tumblr_logo.png */ = {isa = PBXFileReference; lastKnownFileType = image.png; path = tumblr_logo.png; sourceTree = "<group>"; };
		117C4CEF1872305B00249EFF /* twitter_logo.png */ = {isa = PBXFileReference; lastKnownFileType = image.png; path = twitter_logo.png; sourceTree = "<group>"; };
		117C4CF01872305B00249EFF /* vesti_logo.png */ = {isa = PBXFileReference; lastKnownFileType = image.png; path = vesti_logo.png; sourceTree = "<group>"; };
		117C4CF11872305B00249EFF /* vimeo_logo.png */ = {isa = PBXFileReference; lastKnownFileType = image.png; path = vimeo_logo.png; sourceTree = "<group>"; };
		117C4CF21872305B00249EFF /* vk_logo.png */ = {isa = PBXFileReference; lastKnownFileType = image.png; path = vk_logo.png; sourceTree = "<group>"; };
		117C4CF31872305B00249EFF /* walmart_logo.png */ = {isa = PBXFileReference; lastKnownFileType = image.png; path = walmart_logo.png; sourceTree = "<group>"; };
		117C4CF41872305B00249EFF /* washingtonpost_logo.png */ = {isa = PBXFileReference; lastKnownFileType = image.png; path = washingtonpost_logo.png; sourceTree = "<group>"; };
		117C4CF51872305B00249EFF /* webs_logo.png */ = {isa = PBXFileReference; lastKnownFileType = image.png; path = webs_logo.png; sourceTree = "<group>"; };
		117C4CF61872305B00249EFF /* wikipedia_logo.png */ = {isa = PBXFileReference; lastKnownFileType = image.png; path = wikipedia_logo.png; sourceTree = "<group>"; };
		117C4CF71872305B00249EFF /* xing_logo.png */ = {isa = PBXFileReference; lastKnownFileType = image.png; path = xing_logo.png; sourceTree = "<group>"; };
		117C4CF81872305B00249EFF /* yandex_logo.png */ = {isa = PBXFileReference; lastKnownFileType = image.png; path = yandex_logo.png; sourceTree = "<group>"; };
		117C4CF91872305B00249EFF /* youtube_logo.png */ = {isa = PBXFileReference; lastKnownFileType = image.png; path = youtube_logo.png; sourceTree = "<group>"; };
		1196AA591868811C00476CF6 /* SimpleBrowser.app */ = {isa = PBXFileReference; explicitFileType = wrapper.application; includeInIndex = 0; path = SimpleBrowser.app; sourceTree = BUILT_PRODUCTS_DIR; };
		1196AA5C1868811C00476CF6 /* Foundation.framework */ = {isa = PBXFileReference; lastKnownFileType = wrapper.framework; name = Foundation.framework; path = System/Library/Frameworks/Foundation.framework; sourceTree = SDKROOT; };
		1196AA5E1868811C00476CF6 /* CoreGraphics.framework */ = {isa = PBXFileReference; lastKnownFileType = wrapper.framework; name = CoreGraphics.framework; path = System/Library/Frameworks/CoreGraphics.framework; sourceTree = SDKROOT; };
		1196AA601868811C00476CF6 /* UIKit.framework */ = {isa = PBXFileReference; lastKnownFileType = wrapper.framework; name = UIKit.framework; path = System/Library/Frameworks/UIKit.framework; sourceTree = SDKROOT; };
		1196AA641868811C00476CF6 /* SimpleBrowser-Info.plist */ = {isa = PBXFileReference; lastKnownFileType = text.plist.xml; path = "SimpleBrowser-Info.plist"; sourceTree = "<group>"; };
		1196AA661868811C00476CF6 /* en */ = {isa = PBXFileReference; lastKnownFileType = text.plist.strings; name = en; path = en.lproj/InfoPlist.strings; sourceTree = "<group>"; };
		1196AA681868811C00476CF6 /* main.m */ = {isa = PBXFileReference; lastKnownFileType = sourcecode.c.objc; path = main.m; sourceTree = "<group>"; };
		1196AA6A1868811C00476CF6 /* SimpleBrowser-Prefix.pch */ = {isa = PBXFileReference; lastKnownFileType = sourcecode.c.h; path = "SimpleBrowser-Prefix.pch"; sourceTree = "<group>"; };
		1196AA6B1868811C00476CF6 /* AppDelegate.h */ = {isa = PBXFileReference; lastKnownFileType = sourcecode.c.h; path = AppDelegate.h; sourceTree = "<group>"; };
		1196AA6C1868811C00476CF6 /* AppDelegate.m */ = {isa = PBXFileReference; lastKnownFileType = sourcecode.c.objc; path = AppDelegate.m; sourceTree = "<group>"; };
		1196AA6E1868811C00476CF6 /* Images.xcassets */ = {isa = PBXFileReference; lastKnownFileType = folder.assetcatalog; name = Images.xcassets; path = SimpleBrowser/Images.xcassets; sourceTree = "<group>"; };
		1196AA741868811D00476CF6 /* SimpleBrowserTests.xctest */ = {isa = PBXFileReference; explicitFileType = wrapper.cfbundle; includeInIndex = 0; path = SimpleBrowserTests.xctest; sourceTree = BUILT_PRODUCTS_DIR; };
		1196AA751868811D00476CF6 /* XCTest.framework */ = {isa = PBXFileReference; lastKnownFileType = wrapper.framework; name = XCTest.framework; path = Library/Frameworks/XCTest.framework; sourceTree = DEVELOPER_DIR; };
		1196AA7D1868811D00476CF6 /* SimpleBrowserTests-Info.plist */ = {isa = PBXFileReference; lastKnownFileType = text.plist.xml; path = "SimpleBrowserTests-Info.plist"; sourceTree = "<group>"; };
		1196AA7F1868811D00476CF6 /* en */ = {isa = PBXFileReference; lastKnownFileType = text.plist.strings; name = en; path = en.lproj/InfoPlist.strings; sourceTree = "<group>"; };
		1196AA811868811D00476CF6 /* SimpleBrowserTests.m */ = {isa = PBXFileReference; lastKnownFileType = sourcecode.c.objc; path = SimpleBrowserTests.m; sourceTree = "<group>"; };
		1196AA8D186881D700476CF6 /* RootViewController.h */ = {isa = PBXFileReference; fileEncoding = 4; lastKnownFileType = sourcecode.c.h; name = RootViewController.h; path = RootViewController/RootViewController.h; sourceTree = "<group>"; };
		1196AA8E186881D700476CF6 /* RootViewController.m */ = {isa = PBXFileReference; fileEncoding = 4; lastKnownFileType = sourcecode.c.objc; name = RootViewController.m; path = RootViewController/RootViewController.m; sourceTree = "<group>"; };
		1196AA901868894E00476CF6 /* QuartzCore.framework */ = {isa = PBXFileReference; lastKnownFileType = wrapper.framework; name = QuartzCore.framework; path = System/Library/Frameworks/QuartzCore.framework; sourceTree = SDKROOT; };
		1196AA931868A1E400476CF6 /* back_btn.png */ = {isa = PBXFileReference; lastKnownFileType = image.png; path = back_btn.png; sourceTree = "<group>"; };
		11B918E31869C97F00DF23A7 /* CollectViewCell.h */ = {isa = PBXFileReference; fileEncoding = 4; lastKnownFileType = sourcecode.c.h; name = CollectViewCell.h; path = SimpleBrowser/DATALayer/UI/CollectViewCell/CollectViewCell.h; sourceTree = "<group>"; };
		11B918E41869C97F00DF23A7 /* CollectViewCell.m */ = {isa = PBXFileReference; fileEncoding = 4; lastKnownFileType = sourcecode.c.objc; name = CollectViewCell.m; path = SimpleBrowser/DATALayer/UI/CollectViewCell/CollectViewCell.m; sourceTree = "<group>"; };
		11B918E81869CEF300DF23A7 /* CollectViewDataSource.h */ = {isa = PBXFileReference; fileEncoding = 4; lastKnownFileType = sourcecode.c.h; name = CollectViewDataSource.h; path = SimpleBrowser/DATALayer/DataSources/CollectViewDataSource/CollectViewDataSource.h; sourceTree = "<group>"; };
		11B918E91869CEF300DF23A7 /* CollectViewDataSource.m */ = {isa = PBXFileReference; fileEncoding = 4; lastKnownFileType = sourcecode.c.objc; name = CollectViewDataSource.m; path = SimpleBrowser/DATALayer/DataSources/CollectViewDataSource/CollectViewDataSource.m; sourceTree = "<group>"; };
/* End PBXFileReference section */

/* Begin PBXFrameworksBuildPhase section */
		1196AA561868811C00476CF6 /* Frameworks */ = {
			isa = PBXFrameworksBuildPhase;
			buildActionMask = 2147483647;
			files = (
				1196AA911868894E00476CF6 /* QuartzCore.framework in Frameworks */,
				1196AA5F1868811C00476CF6 /* CoreGraphics.framework in Frameworks */,
				1196AA611868811C00476CF6 /* UIKit.framework in Frameworks */,
				1196AA5D1868811C00476CF6 /* Foundation.framework in Frameworks */,
			);
			runOnlyForDeploymentPostprocessing = 0;
		};
		1196AA711868811D00476CF6 /* Frameworks */ = {
			isa = PBXFrameworksBuildPhase;
			buildActionMask = 2147483647;
			files = (
				1196AA761868811D00476CF6 /* XCTest.framework in Frameworks */,
				1196AA781868811D00476CF6 /* UIKit.framework in Frameworks */,
				1196AA771868811D00476CF6 /* Foundation.framework in Frameworks */,
			);
			runOnlyForDeploymentPostprocessing = 0;
		};
/* End PBXFrameworksBuildPhase section */

/* Begin PBXGroup section */
		117C4C7B1871C21100249EFF /* Settings */ = {
			isa = PBXGroup;
			children = (
				117C4C7C1871C23800249EFF /* Settings.h */,
				117C4C7D1871C23800249EFF /* Settings.m */,
			);
			name = Settings;
			sourceTree = "<group>";
		};
		117C4C7F1872197C00249EFF /* Images */ = {
			isa = PBXGroup;
			children = (
				117C4CD11872305B00249EFF /* Logo */,
				1196AA921868A1E400476CF6 /* Buttons */,
			);
			name = Images;
			sourceTree = "<group>";
		};
		117C4CD11872305B00249EFF /* Logo */ = {
			isa = PBXGroup;
			children = (
				117C4CD21872305B00249EFF /* amazon_logo.png */,
				117C4CD31872305B00249EFF /* ask_logo.png */,
				117C4CD41872305B00249EFF /* bing_logo.png */,
				117C4CD51872305B00249EFF /* bloomberg_logo.png */,
				117C4CD61872305B00249EFF /* djinni_logo.png */,
				117C4CD71872305B00249EFF /* dou_logo.png */,
				117C4CD81872305B00249EFF /* fb_logo.png */,
				117C4CD91872305B00249EFF /* flickr_logo.png */,
				117C4CDA1872305B00249EFF /* forbes_logo.png */,
				117C4CDB1872305B00249EFF /* gismeteo_logo.png */,
				117C4CDC1872305B00249EFF /* github_logo.png */,
				117C4CDD1872305B00249EFF /* google_logo.png */,
				117C4CDE1872305B00249EFF /* habra_logo.png */,
				117C4CDF1872305B00249EFF /* hh_logo.png */,
				117C4CE01872305B00249EFF /* indeed_logo.png */,
				117C4CE11872305B00249EFF /* instagram_logo.png */,
				117C4CE21872305B00249EFF /* jooble_logo.png */,
				117C4CE31872305B00249EFF /* kh_ua_logo.png */,
				117C4CE41872305B00249EFF /* korr_logo.png */,
				117C4CE51872305B00249EFF /* lenta_logo.png */,
				117C4CE61872305B00249EFF /* linkedin_logo.png */,
				117C4CE71872305B00249EFF /* mashable_logo.png */,
				117C4CE81872305B00249EFF /* ning_logo.png */,
				117C4CE91872305B00249EFF /* pinterest_logo.png */,
				117C4CEA1872305B00249EFF /* rabota_logo.png */,
				117C4CEB1872305B00249EFF /* rabotakhark_logo.png */,
				117C4CEC1872305B00249EFF /* rambler_logo.png */,
				117C4CED1872305B00249EFF /* stack_ov_logo.png */,
				117C4CEE1872305B00249EFF /* tumblr_logo.png */,
				117C4CEF1872305B00249EFF /* twitter_logo.png */,
				117C4CF01872305B00249EFF /* vesti_logo.png */,
				117C4CF11872305B00249EFF /* vimeo_logo.png */,
				117C4CF21872305B00249EFF /* vk_logo.png */,
				117C4CF31872305B00249EFF /* walmart_logo.png */,
				117C4CF41872305B00249EFF /* washingtonpost_logo.png */,
				117C4CF51872305B00249EFF /* webs_logo.png */,
				117C4CF61872305B00249EFF /* wikipedia_logo.png */,
				117C4CF71872305B00249EFF /* xing_logo.png */,
				117C4CF81872305B00249EFF /* yandex_logo.png */,
				117C4CF91872305B00249EFF /* youtube_logo.png */,
			);
			name = Logo;
			path = SimpleBrowser/Resources/Images/Logo;
			sourceTree = "<group>";
		};
		1196AA501868811C00476CF6 = {
			isa = PBXGroup;
			children = (
				11B918E01869C90A00DF23A7 /* DATALayer */,
				1196AA621868811C00476CF6 /* USERLayer */,
				1196AA8B1868812F00476CF6 /* Resources */,
				1196AA631868811C00476CF6 /* Supporting Files */,
				1196AA7B1868811D00476CF6 /* SimpleBrowserTests */,
				1196AA5B1868811C00476CF6 /* Frameworks */,
				1196AA5A1868811C00476CF6 /* Products */,
			);
			sourceTree = "<group>";
		};
		1196AA5A1868811C00476CF6 /* Products */ = {
			isa = PBXGroup;
			children = (
				1196AA591868811C00476CF6 /* SimpleBrowser.app */,
				1196AA741868811D00476CF6 /* SimpleBrowserTests.xctest */,
			);
			name = Products;
			sourceTree = "<group>";
		};
		1196AA5B1868811C00476CF6 /* Frameworks */ = {
			isa = PBXGroup;
			children = (
				1196AA901868894E00476CF6 /* QuartzCore.framework */,
				1196AA5C1868811C00476CF6 /* Foundation.framework */,
				1196AA5E1868811C00476CF6 /* CoreGraphics.framework */,
				1196AA601868811C00476CF6 /* UIKit.framework */,
				1196AA751868811D00476CF6 /* XCTest.framework */,
			);
			name = Frameworks;
			sourceTree = "<group>";
		};
		1196AA621868811C00476CF6 /* USERLayer */ = {
			isa = PBXGroup;
			children = (
				1196AA6B1868811C00476CF6 /* AppDelegate.h */,
				1196AA6C1868811C00476CF6 /* AppDelegate.m */,
				1196AA8C186881B600476CF6 /* RootViewController */,
			);
			name = USERLayer;
			path = SimpleBrowser;
			sourceTree = "<group>";
		};
		1196AA631868811C00476CF6 /* Supporting Files */ = {
			isa = PBXGroup;
			children = (
				1196AA641868811C00476CF6 /* SimpleBrowser-Info.plist */,
				1196AA651868811C00476CF6 /* InfoPlist.strings */,
				1196AA681868811C00476CF6 /* main.m */,
				1196AA6A1868811C00476CF6 /* SimpleBrowser-Prefix.pch */,
			);
			name = "Supporting Files";
			path = SimpleBrowser;
			sourceTree = "<group>";
		};
		1196AA7B1868811D00476CF6 /* SimpleBrowserTests */ = {
			isa = PBXGroup;
			children = (
				1196AA811868811D00476CF6 /* SimpleBrowserTests.m */,
				1196AA7C1868811D00476CF6 /* Supporting Files */,
			);
			path = SimpleBrowserTests;
			sourceTree = "<group>";
		};
		1196AA7C1868811D00476CF6 /* Supporting Files */ = {
			isa = PBXGroup;
			children = (
				1196AA7D1868811D00476CF6 /* SimpleBrowserTests-Info.plist */,
				1196AA7E1868811D00476CF6 /* InfoPlist.strings */,
			);
			name = "Supporting Files";
			sourceTree = "<group>";
		};
		1196AA8B1868812F00476CF6 /* Resources */ = {
			isa = PBXGroup;
			children = (
				117C4C7F1872197C00249EFF /* Images */,
				1196AA6E1868811C00476CF6 /* Images.xcassets */,
			);
			name = Resources;
			sourceTree = "<group>";
		};
		1196AA8C186881B600476CF6 /* RootViewController */ = {
			isa = PBXGroup;
			children = (
				1196AA8D186881D700476CF6 /* RootViewController.h */,
				1196AA8E186881D700476CF6 /* RootViewController.m */,
			);
			name = RootViewController;
			sourceTree = "<group>";
		};
		1196AA921868A1E400476CF6 /* Buttons */ = {
			isa = PBXGroup;
			children = (
				1196AA931868A1E400476CF6 /* back_btn.png */,
			);
			name = Buttons;
			path = SimpleBrowser/Resources/Images/Buttons;
			sourceTree = "<group>";
		};
		11B918E01869C90A00DF23A7 /* DATALayer */ = {
			isa = PBXGroup;
			children = (
				117C4C7B1871C21100249EFF /* Settings */,
				11B918E61869CDDD00DF23A7 /* DataSources */,
				11B918E11869C91800DF23A7 /* UI */,
			);
			name = DATALayer;
			sourceTree = "<group>";
		};
		11B918E11869C91800DF23A7 /* UI */ = {
			isa = PBXGroup;
			children = (
				11B918E21869C91D00DF23A7 /* CollectViewCell */,
			);
			name = UI;
			sourceTree = "<group>";
		};
		11B918E21869C91D00DF23A7 /* CollectViewCell */ = {
			isa = PBXGroup;
			children = (
				11B918E31869C97F00DF23A7 /* CollectViewCell.h */,
				11B918E41869C97F00DF23A7 /* CollectViewCell.m */,
			);
			name = CollectViewCell;
			sourceTree = "<group>";
		};
		11B918E61869CDDD00DF23A7 /* DataSources */ = {
			isa = PBXGroup;
			children = (
				11B918E71869CE9A00DF23A7 /* CollectViewDataSource */,
			);
			name = DataSources;
			sourceTree = "<group>";
		};
		11B918E71869CE9A00DF23A7 /* CollectViewDataSource */ = {
			isa = PBXGroup;
			children = (
				11B918E81869CEF300DF23A7 /* CollectViewDataSource.h */,
				11B918E91869CEF300DF23A7 /* CollectViewDataSource.m */,
			);
			name = CollectViewDataSource;
			sourceTree = "<group>";
		};
/* End PBXGroup section */

/* Begin PBXNativeTarget section */
		1196AA581868811C00476CF6 /* SimpleBrowser */ = {
			isa = PBXNativeTarget;
			buildConfigurationList = 1196AA851868811D00476CF6 /* Build configuration list for PBXNativeTarget "SimpleBrowser" */;
			buildPhases = (
				1196AA551868811C00476CF6 /* Sources */,
				1196AA561868811C00476CF6 /* Frameworks */,
				1196AA571868811C00476CF6 /* Resources */,
			);
			buildRules = (
			);
			dependencies = (
			);
			name = SimpleBrowser;
			productName = SimpleBrowser;
			productReference = 1196AA591868811C00476CF6 /* SimpleBrowser.app */;
			productType = "com.apple.product-type.application";
		};
		1196AA731868811D00476CF6 /* SimpleBrowserTests */ = {
			isa = PBXNativeTarget;
			buildConfigurationList = 1196AA881868811D00476CF6 /* Build configuration list for PBXNativeTarget "SimpleBrowserTests" */;
			buildPhases = (
				1196AA701868811D00476CF6 /* Sources */,
				1196AA711868811D00476CF6 /* Frameworks */,
				1196AA721868811D00476CF6 /* Resources */,
			);
			buildRules = (
			);
			dependencies = (
				1196AA7A1868811D00476CF6 /* PBXTargetDependency */,
			);
			name = SimpleBrowserTests;
			productName = SimpleBrowserTests;
			productReference = 1196AA741868811D00476CF6 /* SimpleBrowserTests.xctest */;
			productType = "com.apple.product-type.bundle.unit-test";
		};
/* End PBXNativeTarget section */

/* Begin PBXProject section */
		1196AA511868811C00476CF6 /* Project object */ = {
			isa = PBXProject;
			attributes = {
				LastUpgradeCheck = 0500;
				ORGANIZATIONNAME = rost;
				TargetAttributes = {
					1196AA731868811D00476CF6 = {
						TestTargetID = 1196AA581868811C00476CF6;
					};
				};
			};
			buildConfigurationList = 1196AA541868811C00476CF6 /* Build configuration list for PBXProject "SimpleBrowser" */;
			compatibilityVersion = "Xcode 3.2";
			developmentRegion = English;
			hasScannedForEncodings = 0;
			knownRegions = (
				en,
			);
			mainGroup = 1196AA501868811C00476CF6;
			productRefGroup = 1196AA5A1868811C00476CF6 /* Products */;
			projectDirPath = "";
			projectRoot = "";
			targets = (
				1196AA581868811C00476CF6 /* SimpleBrowser */,
				1196AA731868811D00476CF6 /* SimpleBrowserTests */,
			);
		};
/* End PBXProject section */

/* Begin PBXResourcesBuildPhase section */
		1196AA571868811C00476CF6 /* Resources */ = {
			isa = PBXResourcesBuildPhase;
			buildActionMask = 2147483647;
			files = (
				117C4D001872305B00249EFF /* fb_logo.png in Resources */,
				117C4D131872305B00249EFF /* rabotakhark_logo.png in Resources */,
				117C4D1C1872305B00249EFF /* washingtonpost_logo.png in Resources */,
				117C4D031872305B00249EFF /* gismeteo_logo.png in Resources */,
				117C4D101872305B00249EFF /* ning_logo.png in Resources */,
				117C4CFC1872305B00249EFF /* bing_logo.png in Resources */,
				117C4CFA1872305B00249EFF /* amazon_logo.png in Resources */,
				117C4CFB1872305B00249EFF /* ask_logo.png in Resources */,
				117C4D0D1872305B00249EFF /* lenta_logo.png in Resources */,
				117C4D161872305B00249EFF /* tumblr_logo.png in Resources */,
				117C4D081872305B00249EFF /* indeed_logo.png in Resources */,
				117C4D071872305B00249EFF /* hh_logo.png in Resources */,
				117C4D091872305B00249EFF /* instagram_logo.png in Resources */,
				117C4D0C1872305B00249EFF /* korr_logo.png in Resources */,
				117C4D0E1872305B00249EFF /* linkedin_logo.png in Resources */,
				1196AA971868A1E400476CF6 /* back_btn.png in Resources */,
				117C4D011872305B00249EFF /* flickr_logo.png in Resources */,
				117C4D051872305B00249EFF /* google_logo.png in Resources */,
				117C4D1F1872305B00249EFF /* xing_logo.png in Resources */,
				117C4D141872305B00249EFF /* rambler_logo.png in Resources */,
				117C4D121872305B00249EFF /* rabota_logo.png in Resources */,
				117C4D1A1872305B00249EFF /* vk_logo.png in Resources */,
				1196AA671868811C00476CF6 /* InfoPlist.strings in Resources */,
				117C4D151872305B00249EFF /* stack_ov_logo.png in Resources */,
				117C4D0B1872305B00249EFF /* kh_ua_logo.png in Resources */,
				117C4D191872305B00249EFF /* vimeo_logo.png in Resources */,
				117C4D211872305B00249EFF /* youtube_logo.png in Resources */,
				117C4D021872305B00249EFF /* forbes_logo.png in Resources */,
				117C4D0F1872305B00249EFF /* mashable_logo.png in Resources */,
				1196AA6F1868811C00476CF6 /* Images.xcassets in Resources */,
				117C4D1E1872305B00249EFF /* wikipedia_logo.png in Resources */,
				117C4CFF1872305B00249EFF /* dou_logo.png in Resources */,
				117C4D041872305B00249EFF /* github_logo.png in Resources */,
				117C4D171872305B00249EFF /* twitter_logo.png in Resources */,
				117C4D181872305B00249EFF /* vesti_logo.png in Resources */,
				117C4D111872305B00249EFF /* pinterest_logo.png in Resources */,
				117C4D201872305B00249EFF /* yandex_logo.png in Resources */,
				117C4CFE1872305B00249EFF /* djinni_logo.png in Resources */,
				117C4D1D1872305B00249EFF /* webs_logo.png in Resources */,
				117C4D1B1872305B00249EFF /* walmart_logo.png in Resources */,
				117C4D0A1872305B00249EFF /* jooble_logo.png in Resources */,
				117C4CFD1872305B00249EFF /* bloomberg_logo.png in Resources */,
				117C4D061872305B00249EFF /* habra_logo.png in Resources */,
			);
			runOnlyForDeploymentPostprocessing = 0;
		};
		1196AA721868811D00476CF6 /* Resources */ = {
			isa = PBXResourcesBuildPhase;
			buildActionMask = 2147483647;
			files = (
				1196AA801868811D00476CF6 /* InfoPlist.strings in Resources */,
			);
			runOnlyForDeploymentPostprocessing = 0;
		};
/* End PBXResourcesBuildPhase section */

/* Begin PBXSourcesBuildPhase section */
		1196AA551868811C00476CF6 /* Sources */ = {
			isa = PBXSourcesBuildPhase;
			buildActionMask = 2147483647;
			files = (
				1196AA6D1868811C00476CF6 /* AppDelegate.m in Sources */,
				11B918EA1869CEF300DF23A7 /* CollectViewDataSource.m in Sources */,
				11B918E51869C97F00DF23A7 /* CollectViewCell.m in Sources */,
				1196AA691868811C00476CF6 /* main.m in Sources */,
				1196AA8F186881D700476CF6 /* RootViewController.m in Sources */,
				117C4C7E1871C23800249EFF /* Settings.m in Sources */,
			);
			runOnlyForDeploymentPostprocessing = 0;
		};
		1196AA701868811D00476CF6 /* Sources */ = {
			isa = PBXSourcesBuildPhase;
			buildActionMask = 2147483647;
			files = (
				1196AA821868811D00476CF6 /* SimpleBrowserTests.m in Sources */,
			);
			runOnlyForDeploymentPostprocessing = 0;
		};
/* End PBXSourcesBuildPhase section */

/* Begin PBXTargetDependency section */
		1196AA7A1868811D00476CF6 /* PBXTargetDependency */ = {
			isa = PBXTargetDependency;
			target = 1196AA581868811C00476CF6 /* SimpleBrowser */;
			targetProxy = 1196AA791868811D00476CF6 /* PBXContainerItemProxy */;
		};
/* End PBXTargetDependency section */

/* Begin PBXVariantGroup section */
		1196AA651868811C00476CF6 /* InfoPlist.strings */ = {
			isa = PBXVariantGroup;
			children = (
				1196AA661868811C00476CF6 /* en */,
			);
			name = InfoPlist.strings;
			sourceTree = "<group>";
		};
		1196AA7E1868811D00476CF6 /* InfoPlist.strings */ = {
			isa = PBXVariantGroup;
			children = (
				1196AA7F1868811D00476CF6 /* en */,
			);
			name = InfoPlist.strings;
			sourceTree = "<group>";
		};
/* End PBXVariantGroup section */

/* Begin XCBuildConfiguration section */
		1196AA831868811D00476CF6 /* Debug */ = {
			isa = XCBuildConfiguration;
			buildSettings = {
				ALWAYS_SEARCH_USER_PATHS = NO;
				ARCHS = "$(ARCHS_STANDARD_INCLUDING_64_BIT)";
				CLANG_CXX_LANGUAGE_STANDARD = "gnu++0x";
				CLANG_CXX_LIBRARY = "libc++";
				CLANG_ENABLE_MODULES = YES;
				CLANG_ENABLE_OBJC_ARC = YES;
				CLANG_WARN_BOOL_CONVERSION = YES;
				CLANG_WARN_CONSTANT_CONVERSION = YES;
				CLANG_WARN_DIRECT_OBJC_ISA_USAGE = YES_ERROR;
				CLANG_WARN_EMPTY_BODY = YES;
				CLANG_WARN_ENUM_CONVERSION = YES;
				CLANG_WARN_INT_CONVERSION = YES;
				CLANG_WARN_OBJC_ROOT_CLASS = YES_ERROR;
				CLANG_WARN__DUPLICATE_METHOD_MATCH = YES;
				"CODE_SIGN_IDENTITY[sdk=iphoneos*]" = "iPhone Developer";
				COPY_PHASE_STRIP = NO;
				GCC_C_LANGUAGE_STANDARD = gnu99;
				GCC_DYNAMIC_NO_PIC = NO;
				GCC_OPTIMIZATION_LEVEL = 0;
				GCC_PREPROCESSOR_DEFINITIONS = (
					"DEBUG=1",
					"$(inherited)",
				);
				GCC_SYMBOLS_PRIVATE_EXTERN = NO;
				GCC_WARN_64_TO_32_BIT_CONVERSION = YES;
				GCC_WARN_ABOUT_RETURN_TYPE = YES_ERROR;
				GCC_WARN_UNDECLARED_SELECTOR = YES;
				GCC_WARN_UNINITIALIZED_AUTOS = YES;
				GCC_WARN_UNUSED_FUNCTION = YES;
				GCC_WARN_UNUSED_VARIABLE = YES;
				IPHONEOS_DEPLOYMENT_TARGET = 7.0;
				ONLY_ACTIVE_ARCH = YES;
				SDKROOT = iphoneos;
			};
			name = Debug;
		};
		1196AA841868811D00476CF6 /* Release */ = {
			isa = XCBuildConfiguration;
			buildSettings = {
				ALWAYS_SEARCH_USER_PATHS = NO;
				ARCHS = "$(ARCHS_STANDARD_INCLUDING_64_BIT)";
				CLANG_CXX_LANGUAGE_STANDARD = "gnu++0x";
				CLANG_CXX_LIBRARY = "libc++";
				CLANG_ENABLE_MODULES = YES;
				CLANG_ENABLE_OBJC_ARC = YES;
				CLANG_WARN_BOOL_CONVERSION = YES;
				CLANG_WARN_CONSTANT_CONVERSION = YES;
				CLANG_WARN_DIRECT_OBJC_ISA_USAGE = YES_ERROR;
				CLANG_WARN_EMPTY_BODY = YES;
				CLANG_WARN_ENUM_CONVERSION = YES;
				CLANG_WARN_INT_CONVERSION = YES;
				CLANG_WARN_OBJC_ROOT_CLASS = YES_ERROR;
				CLANG_WARN__DUPLICATE_METHOD_MATCH = YES;
				"CODE_SIGN_IDENTITY[sdk=iphoneos*]" = "iPhone Developer";
				COPY_PHASE_STRIP = YES;
				ENABLE_NS_ASSERTIONS = NO;
				GCC_C_LANGUAGE_STANDARD = gnu99;
				GCC_WARN_64_TO_32_BIT_CONVERSION = YES;
				GCC_WARN_ABOUT_RETURN_TYPE = YES_ERROR;
				GCC_WARN_UNDECLARED_SELECTOR = YES;
				GCC_WARN_UNINITIALIZED_AUTOS = YES;
				GCC_WARN_UNUSED_FUNCTION = YES;
				GCC_WARN_UNUSED_VARIABLE = YES;
				IPHONEOS_DEPLOYMENT_TARGET = 7.0;
				SDKROOT = iphoneos;
				VALIDATE_PRODUCT = YES;
			};
			name = Release;
		};
		1196AA861868811D00476CF6 /* Debug */ = {
			isa = XCBuildConfiguration;
			buildSettings = {
				ASSETCATALOG_COMPILER_APPICON_NAME = AppIcon;
				ASSETCATALOG_COMPILER_LAUNCHIMAGE_NAME = LaunchImage;
				GCC_PRECOMPILE_PREFIX_HEADER = YES;
				GCC_PREFIX_HEADER = "SimpleBrowser/SimpleBrowser-Prefix.pch";
				INFOPLIST_FILE = "SimpleBrowser/SimpleBrowser-Info.plist";
				IPHONEOS_DEPLOYMENT_TARGET = 6.0;
				PRODUCT_NAME = "$(TARGET_NAME)";
				WRAPPER_EXTENSION = app;
			};
			name = Debug;
		};
		1196AA871868811D00476CF6 /* Release */ = {
			isa = XCBuildConfiguration;
			buildSettings = {
				ASSETCATALOG_COMPILER_APPICON_NAME = AppIcon;
				ASSETCATALOG_COMPILER_LAUNCHIMAGE_NAME = LaunchImage;
				GCC_PRECOMPILE_PREFIX_HEADER = YES;
				GCC_PREFIX_HEADER = "SimpleBrowser/SimpleBrowser-Prefix.pch";
				INFOPLIST_FILE = "SimpleBrowser/SimpleBrowser-Info.plist";
				IPHONEOS_DEPLOYMENT_TARGET = 6.0;
				PRODUCT_NAME = "$(TARGET_NAME)";
				WRAPPER_EXTENSION = app;
			};
			name = Release;
		};
		1196AA891868811D00476CF6 /* Debug */ = {
			isa = XCBuildConfiguration;
			buildSettings = {
				ARCHS = "$(ARCHS_STANDARD_INCLUDING_64_BIT)";
				BUNDLE_LOADER = "$(BUILT_PRODUCTS_DIR)/SimpleBrowser.app/SimpleBrowser";
				FRAMEWORK_SEARCH_PATHS = (
					"$(SDKROOT)/Developer/Library/Frameworks",
					"$(inherited)",
					"$(DEVELOPER_FRAMEWORKS_DIR)",
				);
				GCC_PRECOMPILE_PREFIX_HEADER = YES;
				GCC_PREFIX_HEADER = "SimpleBrowser/SimpleBrowser-Prefix.pch";
				GCC_PREPROCESSOR_DEFINITIONS = (
					"DEBUG=1",
					"$(inherited)",
				);
				INFOPLIST_FILE = "SimpleBrowserTests/SimpleBrowserTests-Info.plist";
				PRODUCT_NAME = "$(TARGET_NAME)";
				TEST_HOST = "$(BUNDLE_LOADER)";
				WRAPPER_EXTENSION = xctest;
			};
			name = Debug;
		};
		1196AA8A1868811D00476CF6 /* Release */ = {
			isa = XCBuildConfiguration;
			buildSettings = {
				ARCHS = "$(ARCHS_STANDARD_INCLUDING_64_BIT)";
				BUNDLE_LOADER = "$(BUILT_PRODUCTS_DIR)/SimpleBrowser.app/SimpleBrowser";
				FRAMEWORK_SEARCH_PATHS = (
					"$(SDKROOT)/Developer/Library/Frameworks",
					"$(inherited)",
					"$(DEVELOPER_FRAMEWORKS_DIR)",
				);
				GCC_PRECOMPILE_PREFIX_HEADER = YES;
				GCC_PREFIX_HEADER = "SimpleBrowser/SimpleBrowser-Prefix.pch";
				INFOPLIST_FILE = "SimpleBrowserTests/SimpleBrowserTests-Info.plist";
				PRODUCT_NAME = "$(TARGET_NAME)";
				TEST_HOST = "$(BUNDLE_LOADER)";
				WRAPPER_EXTENSION = xctest;
			};
			name = Release;
		};
/* End XCBuildConfiguration section */

/* Begin XCConfigurationList section */
		1196AA541868811C00476CF6 /* Build configuration list for PBXProject "SimpleBrowser" */ = {
			isa = XCConfigurationList;
			buildConfigurations = (
				1196AA831868811D00476CF6 /* Debug */,
				1196AA841868811D00476CF6 /* Release */,
			);
			defaultConfigurationIsVisible = 0;
			defaultConfigurationName = Release;
		};
		1196AA851868811D00476CF6 /* Build configuration list for PBXNativeTarget "SimpleBrowser" */ = {
			isa = XCConfigurationList;
			buildConfigurations = (
				1196AA861868811D00476CF6 /* Debug */,
				1196AA871868811D00476CF6 /* Release */,
			);
			defaultConfigurationIsVisible = 0;
			defaultConfigurationName = Release;
		};
		1196AA881868811D00476CF6 /* Build configuration list for PBXNativeTarget "SimpleBrowserTests" */ = {
			isa = XCConfigurationList;
			buildConfigurations = (
				1196AA891868811D00476CF6 /* Debug */,
				1196AA8A1868811D00476CF6 /* Release */,
			);
			defaultConfigurationIsVisible = 0;
			defaultConfigurationName = Release;
		};
/* End XCConfigurationList section */
	};
	rootObject = 1196AA511868811C00476CF6 /* Project object */;
}
